
Microsoft Visual Studio Solution File, Format Version 12.00
# Visual Studio Version 16
VisualStudioVersion = 16.0.29728.190
MinimumVisualStudioVersion = 15.0.26124.0
Project("{2150E333-8FDC-42A3-9474-1A3956D46DE8}") = "src", "src", "{DF99F1CC-E7CA-4611-8EC8-72E9F6F5A4A6}"
EndProject
Project("{9A19103F-16F7-4668-BE54-9A1E7A4F7556}") = "CeleryArchitectureDemo", "src\CeleryArchitectureDemo\CeleryArchitectureDemo.csproj", "{9FC13CD9-4F29-4CD6-BE94-E9194103F4D3}"
EndProject
Project("{9A19103F-16F7-4668-BE54-9A1E7A4F7556}") = "CeleryArchitectureTests", "src\CeleryArchitectureTests\CeleryArchitectureTests.csproj", "{79825D22-CBEB-4A01-A647-B1AE37F1C8EA}"
EndProject
Global
	GlobalSection(SolutionConfigurationPlatforms) = preSolution
		Debug|Any CPU = Debug|Any CPU
		Debug|x64 = Debug|x64
		Debug|x86 = Debug|x86
		Release|Any CPU = Release|Any CPU
		Release|x64 = Release|x64
		Release|x86 = Release|x86
	EndGlobalSection
	GlobalSection(ProjectConfigurationPlatforms) = postSolution
		{9FC13CD9-4F29-4CD6-BE94-E9194103F4D3}.Debug|Any CPU.ActiveCfg = Debug|Any CPU
		{9FC13CD9-4F29-4CD6-BE94-E9194103F4D3}.Debug|Any CPU.Build.0 = Debug|Any CPU
		{9FC13CD9-4F29-4CD6-BE94-E9194103F4D3}.Debug|x64.ActiveCfg = Debug|Any CPU
		{9FC13CD9-4F29-4CD6-BE94-E9194103F4D3}.Debug|x64.Build.0 = Debug|Any CPU
		{9FC13CD9-4F29-4CD6-BE94-E9194103F4D3}.Debug|x86.ActiveCfg = Debug|Any CPU
		{9FC13CD9-4F29-4CD6-BE94-E9194103F4D3}.Debug|x86.Build.0 = Debug|Any CPU
		{9FC13CD9-4F29-4CD6-BE94-E9194103F4D3}.Release|Any CPU.ActiveCfg = Release|Any CPU
		{9FC13CD9-4F29-4CD6-BE94-E9194103F4D3}.Release|Any CPU.Build.0 = Release|Any CPU
		{9FC13CD9-4F29-4CD6-BE94-E9194103F4D3}.Release|x64.ActiveCfg = Release|Any CPU
		{9FC13CD9-4F29-4CD6-BE94-E9194103F4D3}.Release|x64.Build.0 = Release|Any CPU
		{9FC13CD9-4F29-4CD6-BE94-E9194103F4D3}.Release|x86.ActiveCfg = Release|Any CPU
		{9FC13CD9-4F29-4CD6-BE94-E9194103F4D3}.Release|x86.Build.0 = Release|Any CPU
		{79825D22-CBEB-4A01-A647-B1AE37F1C8EA}.Debug|Any CPU.ActiveCfg = Debug|Any CPU
		{79825D22-CBEB-4A01-A647-B1AE37F1C8EA}.Debug|Any CPU.Build.0 = Debug|Any CPU
		{79825D22-CBEB-4A01-A647-B1AE37F1C8EA}.Debug|x64.ActiveCfg = Debug|Any CPU
		{79825D22-CBEB-4A01-A647-B1AE37F1C8EA}.Debug|x64.Build.0 = Debug|Any CPU
		{79825D22-CBEB-4A01-A647-B1AE37F1C8EA}.Debug|x86.ActiveCfg = Debug|Any CPU
		{79825D22-CBEB-4A01-A647-B1AE37F1C8EA}.Debug|x86.Build.0 = Debug|Any CPU
		{79825D22-CBEB-4A01-A647-B1AE37F1C8EA}.Release|Any CPU.ActiveCfg = Release|Any CPU
		{79825D22-CBEB-4A01-A647-B1AE37F1C8EA}.Release|Any CPU.Build.0 = Release|Any CPU
		{79825D22-CBEB-4A01-A647-B1AE37F1C8EA}.Release|x64.ActiveCfg = Release|Any CPU
		{79825D22-CBEB-4A01-A647-B1AE37F1C8EA}.Release|x64.Build.0 = Release|Any CPU
		{79825D22-CBEB-4A01-A647-B1AE37F1C8EA}.Release|x86.ActiveCfg = Release|Any CPU
		{79825D22-CBEB-4A01-A647-B1AE37F1C8EA}.Release|x86.Build.0 = Release|Any CPU
	EndGlobalSection
	GlobalSection(SolutionProperties) = preSolution
		HideSolutionNode = FALSE
	EndGlobalSection
	GlobalSection(ExtensibilityGlobals) = postSolution
		SolutionGuid = {64B8F12B-A72B-4BD6-8AEA-72E61EA7FDFA}
	EndGlobalSection
EndGlobal
